<?xml version="1.0" encoding="utf-8"?>
<Project ToolsVersion="4.0" xmlns="http://schemas.microsoft.com/developer/msbuild/2003">
  <ItemGroup>
    <Filter Include="源文件">
      <UniqueIdentifier>{4FC737F1-C7A5-4376-A066-2A32D752A2FF}</UniqueIdentifier>
      <Extensions>cpp;c;cc;cxx;def;odl;idl;hpj;bat;asm;asmx</Extensions>
    </Filter>
    <Filter Include="头文件">
      <UniqueIdentifier>{93995380-89BD-4b04-88EB-625FBE52EBFB}</UniqueIdentifier>
      <Extensions>h;hh;hpp;hxx;hm;inl;inc;xsd</Extensions>
    </Filter>
    <Filter Include="资源文件">
      <UniqueIdentifier>{67DA6AB6-F800-4c08-8B7A-83BB121AAD01}</UniqueIdentifier>
      <Extensions>rc;ico;cur;bmp;dlg;rc2;rct;bin;rgs;gif;jpg;jpeg;jpe;resx;tiff;tif;png;wav;mfcribbon-ms</Extensions>
    </Filter>
    <Filter Include="server">
      <UniqueIdentifier>{5b7f86e3-4b30-4b54-987b-1fe410cae116}</UniqueIdentifier>
    </Filter>
  </ItemGroup>
  <ItemGroup>
    <Text Include="ReadMe.txt" />
  </ItemGroup>
  <ItemGroup>
    <ClInclude Include="8_monitor.h">
      <Filter>头文件</Filter>
    </ClInclude>
    <ClInclude Include="stdafx.h">
      <Filter>头文件</Filter>
    </ClInclude>
    <ClInclude Include="targetver.h">
      <Filter>头文件</Filter>
    </ClInclude>
    <ClInclude Include="MainFrm.h">
      <Filter>头文件</Filter>
    </ClInclude>
    <ClInclude Include="ChildFrm.h">
      <Filter>头文件</Filter>
    </ClInclude>
    <ClInclude Include="8_monitorDoc.h">
      <Filter>头文件</Filter>
    </ClInclude>
    <ClInclude Include="8_monitorView.h">
      <Filter>头文件</Filter>
    </ClInclude>
    <ClInclude Include="Resource.h">
      <Filter>头文件</Filter>
    </ClInclude>
    <ClInclude Include="OutputWnd.h">
      <Filter>头文件</Filter>
    </ClInclude>
    <ClInclude Include="CalendarBar.h">
      <Filter>头文件</Filter>
    </ClInclude>
    <ClInclude Include="server\Log.h">
      <Filter>server</Filter>
    </ClInclude>
    <ClInclude Include="server\MessagePack.h">
      <Filter>server</Filter>
    </ClInclude>
    <ClInclude Include="server\Server.h">
      <Filter>server</Filter>
    </ClInclude>
    <ClInclude Include="server\Session.h">
      <Filter>server</Filter>
    </ClInclude>
    <ClInclude Include="server\Singleton.h">
      <Filter>server</Filter>
    </ClInclude>
    <ClInclude Include="server\StringUtil.h">
      <Filter>server</Filter>
    </ClInclude>
    <ClInclude Include="server\Allocator.h">
      <Filter>server</Filter>
    </ClInclude>
    <ClInclude Include="server\AppFramework.h">
      <Filter>server</Filter>
    </ClInclude>
    <ClInclude Include="server\ListboxOutputter.h">
      <Filter>server</Filter>
    </ClInclude>
    <ClInclude Include="server\ServerTree.h">
      <Filter>server</Filter>
    </ClInclude>
    <ClInclude Include="server\Util.h">
      <Filter>server</Filter>
    </ClInclude>
    <ClInclude Include="DlgMsgBox.h">
      <Filter>头文件</Filter>
    </ClInclude>
  </ItemGroup>
  <ItemGroup>
    <ClCompile Include="8_monitor.cpp">
      <Filter>源文件</Filter>
    </ClCompile>
    <ClCompile Include="stdafx.cpp">
      <Filter>源文件</Filter>
    </ClCompile>
    <ClCompile Include="MainFrm.cpp">
      <Filter>源文件</Filter>
    </ClCompile>
    <ClCompile Include="ChildFrm.cpp">
      <Filter>源文件</Filter>
    </ClCompile>
    <ClCompile Include="8_monitorDoc.cpp">
      <Filter>源文件</Filter>
    </ClCompile>
    <ClCompile Include="8_monitorView.cpp">
      <Filter>源文件</Filter>
    </ClCompile>
    <ClCompile Include="OutputWnd.cpp">
      <Filter>源文件</Filter>
    </ClCompile>
    <ClCompile Include="CalendarBar.cpp">
      <Filter>源文件</Filter>
    </ClCompile>
    <ClCompile Include="server\MessagePack.cpp">
      <Filter>server</Filter>
    </ClCompile>
    <ClCompile Include="server\Server.cpp">
      <Filter>server</Filter>
    </ClCompile>
    <ClCompile Include="server\Session.cpp">
      <Filter>server</Filter>
    </ClCompile>
    <ClCompile Include="server\StringUtil.cpp">
      <Filter>server</Filter>
    </ClCompile>
    <ClCompile Include="server\Allocator.cpp">
      <Filter>server</Filter>
    </ClCompile>
    <ClCompile Include="server\AppFramework.cpp">
      <Filter>server</Filter>
    </ClCompile>
    <ClCompile Include="server\Log.cpp">
      <Filter>server</Filter>
    </ClCompile>
    <ClCompile Include="server\ListboxOutputter.cpp">
      <Filter>server</Filter>
    </ClCompile>
    <ClCompile Include="server\ServerTree.cpp">
      <Filter>server</Filter>
    </ClCompile>
    <ClCompile Include="server\Util.cpp">
      <Filter>server</Filter>
    </ClCompile>
    <ClCompile Include="DlgMsgBox.cpp">
      <Filter>源文件</Filter>
    </ClCompile>
  </ItemGroup>
  <ItemGroup>
    <ResourceCompile Include="8_monitor.rc">
      <Filter>资源文件</Filter>
    </ResourceCompile>
  </ItemGroup>
  <ItemGroup>
    <Image Include="res\output_wnd.ico">
      <Filter>资源文件</Filter>
    </Image>
    <Image Include="res\output_wnd_hc.ico">
      <Filter>资源文件</Filter>
    </Image>
    <Image Include="res\nav_large.bmp">
      <Filter>资源文件</Filter>
    </Image>
    <Image Include="res\nav_large_hc.bmp">
      <Filter>资源文件</Filter>
    </Image>
    <Image Include="res\pages.bmp">
      <Filter>资源文件</Filter>
    </Image>
    <Image Include="res\pages_hc.bmp">
      <Filter>资源文件</Filter>
    </Image>
    <Image Include="res\pages_small.bmp">
      <Filter>资源文件</Filter>
    </Image>
    <Image Include="res\pages_small_hc.bmp">
      <Filter>资源文件</Filter>
    </Image>
    <Image Include="res\buttons.bmp">
      <Filter>资源文件</Filter>
    </Image>
    <Image Include="res\filelarge.bmp">
      <Filter>资源文件</Filter>
    </Image>
    <Image Include="res\filesmall.bmp">
      <Filter>资源文件</Filter>
    </Image>
    <Image Include="res\main.bmp">
      <Filter>资源文件</Filter>
    </Image>
    <Image Include="res\writelarge.bmp">
      <Filter>资源文件</Filter>
    </Image>
    <Image Include="res\writesmall.bmp">
      <Filter>资源文件</Filter>
    </Image>
    <Image Include="res\8_monitorDoc.ico">
      <Filter>资源文件</Filter>
    </Image>
    <Image Include="res\8_monitor.ico">
      <Filter>资源文件</Filter>
    </Image>
    <Image Include="res\Toolbar.bmp">
      <Filter>资源文件</Filter>
    </Image>
    <Image Include="res\Toolbar256.bmp">
      <Filter>资源文件</Filter>
    </Image>
  </ItemGroup>
  <ItemGroup>
    <None Include="res\ribbon.mfcribbon-ms">
      <Filter>资源文件</Filter>
    </None>
    <None Include="res\My8_monitor.rc2">
      <Filter>资源文件</Filter>
    </None>
  </ItemGroup>
</Project>