
Microsoft Visual Studio Solution File, Format Version 12.00
# Visual Studio 14
VisualStudioVersion = 14.0.23107.0
MinimumVisualStudioVersion = 10.0.40219.1
Project("{8BC9CEB8-8B4A-11D0-8D11-00A0C91BC942}") = "1_asio_server", "1_asio_server\1_asio_server.vcxproj", "{121A6664-465E-4B05-B2E6-C159ECF30A12}"
EndProject
Project("{8BC9CEB8-8B4A-11D0-8D11-00A0C91BC942}") = "2_asio_client", "2_asio_client\2_asio_client.vcxproj", "{C2BEE3DC-82A3-4724-96AF-46C22579FB2C}"
EndProject
Project("{8BC9CEB8-8B4A-11D0-8D11-00A0C91BC942}") = "3_asio_server_async", "3_asio_server_async\3_asio_server_async.vcxproj", "{90E3A139-FEAD-4690-8F34-B80C4E4FE920}"
EndProject
Project("{8BC9CEB8-8B4A-11D0-8D11-00A0C91BC942}") = "4_modbus", "4_modbus\4_modbus.vcxproj", "{CD5024C0-5A63-4320-B7A6-C5307F729A20}"
EndProject
Project("{8BC9CEB8-8B4A-11D0-8D11-00A0C91BC942}") = "5_monitor_server", "5_monitor_server\5_monitor_server.vcxproj", "{5310905B-9DAD-41E9-B3C0-E7BC3E063419}"
EndProject
Project("{8BC9CEB8-8B4A-11D0-8D11-00A0C91BC942}") = "6_asio_test", "6_asio_test\6_asio_test.vcxproj", "{AE0F096C-A737-4518-82EC-7AED1E9BFB88}"
EndProject
Project("{8BC9CEB8-8B4A-11D0-8D11-00A0C91BC942}") = "7_monitor_client", "7_monitor_client\7_monitor_client.vcxproj", "{8A91D124-E03D-4661-AAC0-42A3C3D9C8E3}"
EndProject
Project("{8BC9CEB8-8B4A-11D0-8D11-00A0C91BC942}") = "8_monitor", "8_monitor\8_monitor.vcxproj", "{E75F15DA-D38A-4508-B72E-D69580E13E1E}"
EndProject
Project("{8BC9CEB8-8B4A-11D0-8D11-00A0C91BC942}") = "9_camera_monitor", "9_camera_monitor\9_camera_monitor.vcxproj", "{836ED933-44F6-4495-BF98-F4ADBA3B363F}"
EndProject
Project("{8BC9CEB8-8B4A-11D0-8D11-00A0C91BC942}") = "10_echo_server", "10_echo_server\10_echo_server.vcxproj", "{E09276EE-9D85-4B64-B54E-19B919E13AA9}"
EndProject
Project("{8BC9CEB8-8B4A-11D0-8D11-00A0C91BC942}") = "11_echo_client", "11_echo_client\11_echo_client.vcxproj", "{866F88A0-3F5B-4A8A-B54C-33C63FCC4A66}"
EndProject
Project("{8BC9CEB8-8B4A-11D0-8D11-00A0C91BC942}") = "12_pattern", "12_pattern\12_pattern.vcxproj", "{8EC147F8-9DC3-43A2-9374-013C5320A7E2}"
EndProject
Global
	GlobalSection(SolutionConfigurationPlatforms) = preSolution
		Debug|x64 = Debug|x64
		Debug|x86 = Debug|x86
		Release|x64 = Release|x64
		Release|x86 = Release|x86
	EndGlobalSection
	GlobalSection(ProjectConfigurationPlatforms) = postSolution
		{121A6664-465E-4B05-B2E6-C159ECF30A12}.Debug|x64.ActiveCfg = Debug|x64
		{121A6664-465E-4B05-B2E6-C159ECF30A12}.Debug|x64.Build.0 = Debug|x64
		{121A6664-465E-4B05-B2E6-C159ECF30A12}.Debug|x86.ActiveCfg = Debug|Win32
		{121A6664-465E-4B05-B2E6-C159ECF30A12}.Debug|x86.Build.0 = Debug|Win32
		{121A6664-465E-4B05-B2E6-C159ECF30A12}.Release|x64.ActiveCfg = Release|x64
		{121A6664-465E-4B05-B2E6-C159ECF30A12}.Release|x64.Build.0 = Release|x64
		{121A6664-465E-4B05-B2E6-C159ECF30A12}.Release|x86.ActiveCfg = Release|Win32
		{121A6664-465E-4B05-B2E6-C159ECF30A12}.Release|x86.Build.0 = Release|Win32
		{C2BEE3DC-82A3-4724-96AF-46C22579FB2C}.Debug|x64.ActiveCfg = Debug|x64
		{C2BEE3DC-82A3-4724-96AF-46C22579FB2C}.Debug|x64.Build.0 = Debug|x64
		{C2BEE3DC-82A3-4724-96AF-46C22579FB2C}.Debug|x86.ActiveCfg = Debug|Win32
		{C2BEE3DC-82A3-4724-96AF-46C22579FB2C}.Debug|x86.Build.0 = Debug|Win32
		{C2BEE3DC-82A3-4724-96AF-46C22579FB2C}.Release|x64.ActiveCfg = Release|x64
		{C2BEE3DC-82A3-4724-96AF-46C22579FB2C}.Release|x64.Build.0 = Release|x64
		{C2BEE3DC-82A3-4724-96AF-46C22579FB2C}.Release|x86.ActiveCfg = Release|Win32
		{C2BEE3DC-82A3-4724-96AF-46C22579FB2C}.Release|x86.Build.0 = Release|Win32
		{90E3A139-FEAD-4690-8F34-B80C4E4FE920}.Debug|x64.ActiveCfg = Debug|x64
		{90E3A139-FEAD-4690-8F34-B80C4E4FE920}.Debug|x64.Build.0 = Debug|x64
		{90E3A139-FEAD-4690-8F34-B80C4E4FE920}.Debug|x86.ActiveCfg = Debug|Win32
		{90E3A139-FEAD-4690-8F34-B80C4E4FE920}.Debug|x86.Build.0 = Debug|Win32
		{90E3A139-FEAD-4690-8F34-B80C4E4FE920}.Release|x64.ActiveCfg = Release|x64
		{90E3A139-FEAD-4690-8F34-B80C4E4FE920}.Release|x64.Build.0 = Release|x64
		{90E3A139-FEAD-4690-8F34-B80C4E4FE920}.Release|x86.ActiveCfg = Release|Win32
		{90E3A139-FEAD-4690-8F34-B80C4E4FE920}.Release|x86.Build.0 = Release|Win32
		{CD5024C0-5A63-4320-B7A6-C5307F729A20}.Debug|x64.ActiveCfg = Debug|x64
		{CD5024C0-5A63-4320-B7A6-C5307F729A20}.Debug|x64.Build.0 = Debug|x64
		{CD5024C0-5A63-4320-B7A6-C5307F729A20}.Debug|x86.ActiveCfg = Debug|Win32
		{CD5024C0-5A63-4320-B7A6-C5307F729A20}.Debug|x86.Build.0 = Debug|Win32
		{CD5024C0-5A63-4320-B7A6-C5307F729A20}.Release|x64.ActiveCfg = Release|x64
		{CD5024C0-5A63-4320-B7A6-C5307F729A20}.Release|x64.Build.0 = Release|x64
		{CD5024C0-5A63-4320-B7A6-C5307F729A20}.Release|x86.ActiveCfg = Release|Win32
		{CD5024C0-5A63-4320-B7A6-C5307F729A20}.Release|x86.Build.0 = Release|Win32
		{5310905B-9DAD-41E9-B3C0-E7BC3E063419}.Debug|x64.ActiveCfg = Debug|x64
		{5310905B-9DAD-41E9-B3C0-E7BC3E063419}.Debug|x64.Build.0 = Debug|x64
		{5310905B-9DAD-41E9-B3C0-E7BC3E063419}.Debug|x86.ActiveCfg = Debug|Win32
		{5310905B-9DAD-41E9-B3C0-E7BC3E063419}.Debug|x86.Build.0 = Debug|Win32
		{5310905B-9DAD-41E9-B3C0-E7BC3E063419}.Release|x64.ActiveCfg = Release|x64
		{5310905B-9DAD-41E9-B3C0-E7BC3E063419}.Release|x64.Build.0 = Release|x64
		{5310905B-9DAD-41E9-B3C0-E7BC3E063419}.Release|x86.ActiveCfg = Release|Win32
		{5310905B-9DAD-41E9-B3C0-E7BC3E063419}.Release|x86.Build.0 = Release|Win32
		{AE0F096C-A737-4518-82EC-7AED1E9BFB88}.Debug|x64.ActiveCfg = Debug|x64
		{AE0F096C-A737-4518-82EC-7AED1E9BFB88}.Debug|x64.Build.0 = Debug|x64
		{AE0F096C-A737-4518-82EC-7AED1E9BFB88}.Debug|x86.ActiveCfg = Debug|Win32
		{AE0F096C-A737-4518-82EC-7AED1E9BFB88}.Debug|x86.Build.0 = Debug|Win32
		{AE0F096C-A737-4518-82EC-7AED1E9BFB88}.Release|x64.ActiveCfg = Release|x64
		{AE0F096C-A737-4518-82EC-7AED1E9BFB88}.Release|x64.Build.0 = Release|x64
		{AE0F096C-A737-4518-82EC-7AED1E9BFB88}.Release|x86.ActiveCfg = Release|Win32
		{AE0F096C-A737-4518-82EC-7AED1E9BFB88}.Release|x86.Build.0 = Release|Win32
		{8A91D124-E03D-4661-AAC0-42A3C3D9C8E3}.Debug|x64.ActiveCfg = Debug|x64
		{8A91D124-E03D-4661-AAC0-42A3C3D9C8E3}.Debug|x64.Build.0 = Debug|x64
		{8A91D124-E03D-4661-AAC0-42A3C3D9C8E3}.Debug|x86.ActiveCfg = Debug|Win32
		{8A91D124-E03D-4661-AAC0-42A3C3D9C8E3}.Debug|x86.Build.0 = Debug|Win32
		{8A91D124-E03D-4661-AAC0-42A3C3D9C8E3}.Release|x64.ActiveCfg = Release|x64
		{8A91D124-E03D-4661-AAC0-42A3C3D9C8E3}.Release|x64.Build.0 = Release|x64
		{8A91D124-E03D-4661-AAC0-42A3C3D9C8E3}.Release|x86.ActiveCfg = Release|Win32
		{8A91D124-E03D-4661-AAC0-42A3C3D9C8E3}.Release|x86.Build.0 = Release|Win32
		{E75F15DA-D38A-4508-B72E-D69580E13E1E}.Debug|x64.ActiveCfg = Debug|x64
		{E75F15DA-D38A-4508-B72E-D69580E13E1E}.Debug|x64.Build.0 = Debug|x64
		{E75F15DA-D38A-4508-B72E-D69580E13E1E}.Debug|x86.ActiveCfg = Debug|Win32
		{E75F15DA-D38A-4508-B72E-D69580E13E1E}.Debug|x86.Build.0 = Debug|Win32
		{E75F15DA-D38A-4508-B72E-D69580E13E1E}.Release|x64.ActiveCfg = Release|x64
		{E75F15DA-D38A-4508-B72E-D69580E13E1E}.Release|x64.Build.0 = Release|x64
		{E75F15DA-D38A-4508-B72E-D69580E13E1E}.Release|x86.ActiveCfg = Release|Win32
		{E75F15DA-D38A-4508-B72E-D69580E13E1E}.Release|x86.Build.0 = Release|Win32
		{836ED933-44F6-4495-BF98-F4ADBA3B363F}.Debug|x64.ActiveCfg = Debug|x64
		{836ED933-44F6-4495-BF98-F4ADBA3B363F}.Debug|x64.Build.0 = Debug|x64
		{836ED933-44F6-4495-BF98-F4ADBA3B363F}.Debug|x86.ActiveCfg = Debug|Win32
		{836ED933-44F6-4495-BF98-F4ADBA3B363F}.Debug|x86.Build.0 = Debug|Win32
		{836ED933-44F6-4495-BF98-F4ADBA3B363F}.Release|x64.ActiveCfg = Release|x64
		{836ED933-44F6-4495-BF98-F4ADBA3B363F}.Release|x64.Build.0 = Release|x64
		{836ED933-44F6-4495-BF98-F4ADBA3B363F}.Release|x86.ActiveCfg = Release|Win32
		{836ED933-44F6-4495-BF98-F4ADBA3B363F}.Release|x86.Build.0 = Release|Win32
		{E09276EE-9D85-4B64-B54E-19B919E13AA9}.Debug|x64.ActiveCfg = Debug|x64
		{E09276EE-9D85-4B64-B54E-19B919E13AA9}.Debug|x64.Build.0 = Debug|x64
		{E09276EE-9D85-4B64-B54E-19B919E13AA9}.Debug|x86.ActiveCfg = Debug|Win32
		{E09276EE-9D85-4B64-B54E-19B919E13AA9}.Debug|x86.Build.0 = Debug|Win32
		{E09276EE-9D85-4B64-B54E-19B919E13AA9}.Release|x64.ActiveCfg = Release|x64
		{E09276EE-9D85-4B64-B54E-19B919E13AA9}.Release|x64.Build.0 = Release|x64
		{E09276EE-9D85-4B64-B54E-19B919E13AA9}.Release|x86.ActiveCfg = Release|Win32
		{E09276EE-9D85-4B64-B54E-19B919E13AA9}.Release|x86.Build.0 = Release|Win32
		{866F88A0-3F5B-4A8A-B54C-33C63FCC4A66}.Debug|x64.ActiveCfg = Debug|x64
		{866F88A0-3F5B-4A8A-B54C-33C63FCC4A66}.Debug|x64.Build.0 = Debug|x64
		{866F88A0-3F5B-4A8A-B54C-33C63FCC4A66}.Debug|x86.ActiveCfg = Debug|Win32
		{866F88A0-3F5B-4A8A-B54C-33C63FCC4A66}.Debug|x86.Build.0 = Debug|Win32
		{866F88A0-3F5B-4A8A-B54C-33C63FCC4A66}.Release|x64.ActiveCfg = Release|x64
		{866F88A0-3F5B-4A8A-B54C-33C63FCC4A66}.Release|x64.Build.0 = Release|x64
		{866F88A0-3F5B-4A8A-B54C-33C63FCC4A66}.Release|x86.ActiveCfg = Release|Win32
		{866F88A0-3F5B-4A8A-B54C-33C63FCC4A66}.Release|x86.Build.0 = Release|Win32
		{8EC147F8-9DC3-43A2-9374-013C5320A7E2}.Debug|x64.ActiveCfg = Debug|x64
		{8EC147F8-9DC3-43A2-9374-013C5320A7E2}.Debug|x64.Build.0 = Debug|x64
		{8EC147F8-9DC3-43A2-9374-013C5320A7E2}.Debug|x86.ActiveCfg = Debug|Win32
		{8EC147F8-9DC3-43A2-9374-013C5320A7E2}.Debug|x86.Build.0 = Debug|Win32
		{8EC147F8-9DC3-43A2-9374-013C5320A7E2}.Release|x64.ActiveCfg = Release|x64
		{8EC147F8-9DC3-43A2-9374-013C5320A7E2}.Release|x64.Build.0 = Release|x64
		{8EC147F8-9DC3-43A2-9374-013C5320A7E2}.Release|x86.ActiveCfg = Release|Win32
		{8EC147F8-9DC3-43A2-9374-013C5320A7E2}.Release|x86.Build.0 = Release|Win32
	EndGlobalSection
	GlobalSection(SolutionProperties) = preSolution
		HideSolutionNode = FALSE
	EndGlobalSection
EndGlobal
